// !$*UTF8*$!
{
	archiveVersion = 1;
	classes = {
	};
	objectVersion = 46;
	objects = {

/* Begin PBXBuildFile section */
		BA29BDF11ECF7EA000AB0F6F /* AppDelegate.swift in Sources */ = {isa = PBXBuildFile; fileRef = BA29BDF01ECF7EA000AB0F6F /* AppDelegate.swift */; };
		BA29BDF31ECF7EA000AB0F6F /* ViewController.swift in Sources */ = {isa = PBXBuildFile; fileRef = BA29BDF21ECF7EA000AB0F6F /* ViewController.swift */; };
		BA29BDF61ECF7EA000AB0F6F /* Main.storyboard in Resources */ = {isa = PBXBuildFile; fileRef = BA29BDF41ECF7EA000AB0F6F /* Main.storyboard */; };
		BA29BDF81ECF7EA000AB0F6F /* Assets.xcassets in Resources */ = {isa = PBXBuildFile; fileRef = BA29BDF71ECF7EA000AB0F6F /* Assets.xcassets */; };
		BA29BDFB1ECF7EA000AB0F6F /* LaunchScreen.storyboard in Resources */ = {isa = PBXBuildFile; fileRef = BA29BDF91ECF7EA000AB0F6F /* LaunchScreen.storyboard */; };
		BA29BE031ECF802C00AB0F6F /* NewsModel.swift in Sources */ = {isa = PBXBuildFile; fileRef = BA29BE021ECF802C00AB0F6F /* NewsModel.swift */; };
		BA29BE051ECF8FAE00AB0F6F /* NewsAPI.swift in Sources */ = {isa = PBXBuildFile; fileRef = BA29BE041ECF8FAE00AB0F6F /* NewsAPI.swift */; };
		BA29BE071ECF8FF200AB0F6F /* ConfidentialConstants.swift in Sources */ = {isa = PBXBuildFile; fileRef = BA29BE061ECF8FF200AB0F6F /* ConfidentialConstants.swift */; };
		BA3C65F01ED1066A006C15C4 /* FrontPageController.swift in Sources */ = {isa = PBXBuildFile; fileRef = BA3C65EF1ED1066A006C15C4 /* FrontPageController.swift */; };
		BA3C65F21ED10B6D006C15C4 /* WelcomeController.swift in Sources */ = {isa = PBXBuildFile; fileRef = BA3C65F11ED10B6D006C15C4 /* WelcomeController.swift */; };
/* End PBXBuildFile section */

/* Begin PBXFileReference section */
		BA29BDED1ECF7EA000AB0F6F /* TechNews.app */ = {isa = PBXFileReference; explicitFileType = wrapper.application; includeInIndex = 0; path = TechNews.app; sourceTree = BUILT_PRODUCTS_DIR; };
		BA29BDF01ECF7EA000AB0F6F /* AppDelegate.swift */ = {isa = PBXFileReference; lastKnownFileType = sourcecode.swift; path = AppDelegate.swift; sourceTree = "<group>"; };
		BA29BDF21ECF7EA000AB0F6F /* ViewController.swift */ = {isa = PBXFileReference; lastKnownFileType = sourcecode.swift; path = ViewController.swift; sourceTree = "<group>"; };
		BA29BDF51ECF7EA000AB0F6F /* Base */ = {isa = PBXFileReference; lastKnownFileType = file.storyboard; name = Base; path = Base.lproj/Main.storyboard; sourceTree = "<group>"; };
		BA29BDF71ECF7EA000AB0F6F /* Assets.xcassets */ = {isa = PBXFileReference; lastKnownFileType = folder.assetcatalog; path = Assets.xcassets; sourceTree = "<group>"; };
		BA29BDFA1ECF7EA000AB0F6F /* Base */ = {isa = PBXFileReference; lastKnownFileType = file.storyboard; name = Base; path = Base.lproj/LaunchScreen.storyboard; sourceTree = "<group>"; };
		BA29BDFC1ECF7EA000AB0F6F /* Info.plist */ = {isa = PBXFileReference; lastKnownFileType = text.plist.xml; path = Info.plist; sourceTree = "<group>"; };
		BA29BE021ECF802C00AB0F6F /* NewsModel.swift */ = {isa = PBXFileReference; fileEncoding = 4; lastKnownFileType = sourcecode.swift; path = NewsModel.swift; sourceTree = "<group>"; };
		BA29BE041ECF8FAE00AB0F6F /* NewsAPI.swift */ = {isa = PBXFileReference; fileEncoding = 4; lastKnownFileType = sourcecode.swift; path = NewsAPI.swift; sourceTree = "<group>"; };
		BA29BE061ECF8FF200AB0F6F /* ConfidentialConstants.swift */ = {isa = PBXFileReference; fileEncoding = 4; lastKnownFileType = sourcecode.swift; path = ConfidentialConstants.swift; sourceTree = "<group>"; };
		BA3C65EF1ED1066A006C15C4 /* FrontPageController.swift */ = {isa = PBXFileReference; fileEncoding = 4; lastKnownFileType = sourcecode.swift; path = FrontPageController.swift; sourceTree = "<group>"; };
		BA3C65F11ED10B6D006C15C4 /* WelcomeController.swift */ = {isa = PBXFileReference; fileEncoding = 4; lastKnownFileType = sourcecode.swift; path = WelcomeController.swift; sourceTree = "<group>"; };
/* End PBXFileReference section */

/* Begin PBXFrameworksBuildPhase section */
		BA29BDEA1ECF7EA000AB0F6F /* Frameworks */ = {
			isa = PBXFrameworksBuildPhase;
			buildActionMask = 2147483647;
			files = (
			);
			runOnlyForDeploymentPostprocessing = 0;
		};
/* End PBXFrameworksBuildPhase section */

/* Begin PBXGroup section */
		BA29BDE41ECF7EA000AB0F6F = {
			isa = PBXGroup;
			children = (
				BA29BDEF1ECF7EA000AB0F6F /* TechNews */,
				BA29BDEE1ECF7EA000AB0F6F /* Products */,
			);
			sourceTree = "<group>";
		};
		BA29BDEE1ECF7EA000AB0F6F /* Products */ = {
			isa = PBXGroup;
			children = (
				BA29BDED1ECF7EA000AB0F6F /* TechNews.app */,
			);
			name = Products;
			sourceTree = "<group>";
		};
		BA29BDEF1ECF7EA000AB0F6F /* TechNews */ = {
			isa = PBXGroup;
			children = (
				BA29BDF01ECF7EA000AB0F6F /* AppDelegate.swift */,
				BA29BDF21ECF7EA000AB0F6F /* ViewController.swift */,
				BA3C65F11ED10B6D006C15C4 /* WelcomeController.swift */,
				BA3C65EF1ED1066A006C15C4 /* FrontPageController.swift */,
				BA29BE021ECF802C00AB0F6F /* NewsModel.swift */,
				BA29BE041ECF8FAE00AB0F6F /* NewsAPI.swift */,
				BA29BE061ECF8FF200AB0F6F /* ConfidentialConstants.swift */,
				BA29BDF41ECF7EA000AB0F6F /* Main.storyboard */,
				BA29BDF71ECF7EA000AB0F6F /* Assets.xcassets */,
				BA29BDF91ECF7EA000AB0F6F /* LaunchScreen.storyboard */,
				BA29BDFC1ECF7EA000AB0F6F /* Info.plist */,
			);
			path = TechNews;
			sourceTree = "<group>";
		};
/* End PBXGroup section */

/* Begin PBXNativeTarget section */
		BA29BDEC1ECF7EA000AB0F6F /* TechNews */ = {
			isa = PBXNativeTarget;
			buildConfigurationList = BA29BDFF1ECF7EA000AB0F6F /* Build configuration list for PBXNativeTarget "TechNews" */;
			buildPhases = (
				BA29BDE91ECF7EA000AB0F6F /* Sources */,
				BA29BDEA1ECF7EA000AB0F6F /* Frameworks */,
				BA29BDEB1ECF7EA000AB0F6F /* Resources */,
			);
			buildRules = (
			);
			dependencies = (
			);
			name = TechNews;
			productName = TechNews;
			productReference = BA29BDED1ECF7EA000AB0F6F /* TechNews.app */;
			productType = "com.apple.product-type.application";
		};
/* End PBXNativeTarget section */

/* Begin PBXProject section */
		BA29BDE51ECF7EA000AB0F6F /* Project object */ = {
			isa = PBXProject;
			attributes = {
				LastSwiftUpdateCheck = 0830;
				LastUpgradeCheck = 0830;
				ORGANIZATIONNAME = "Ezekiel Abuhoff";
				TargetAttributes = {
					BA29BDEC1ECF7EA000AB0F6F = {
						CreatedOnToolsVersion = 8.3.2;
						DevelopmentTeam = Y8S79T498T;
						ProvisioningStyle = Automatic;
					};
				};
			};
			buildConfigurationList = BA29BDE81ECF7EA000AB0F6F /* Build configuration list for PBXProject "TechNews" */;
			compatibilityVersion = "Xcode 3.2";
			developmentRegion = English;
			hasScannedForEncodings = 0;
			knownRegions = (
				en,
				Base,
			);
			mainGroup = BA29BDE41ECF7EA000AB0F6F;
			productRefGroup = BA29BDEE1ECF7EA000AB0F6F /* Products */;
			projectDirPath = "";
			projectRoot = "";
			targets = (
				BA29BDEC1ECF7EA000AB0F6F /* TechNews */,
			);
		};
/* End PBXProject section */

/* Begin PBXResourcesBuildPhase section */
		BA29BDEB1ECF7EA000AB0F6F /* Resources */ = {
			isa = PBXResourcesBuildPhase;
			buildActionMask = 2147483647;
			files = (
				BA29BDFB1ECF7EA000AB0F6F /* LaunchScreen.storyboard in Resources */,
				BA29BDF81ECF7EA000AB0F6F /* Assets.xcassets in Resources */,
				BA29BDF61ECF7EA000AB0F6F /* Main.storyboard in Resources */,
			);
			runOnlyForDeploymentPostprocessing = 0;
		};
/* End PBXResourcesBuildPhase section */

/* Begin PBXSourcesBuildPhase section */
		BA29BDE91ECF7EA000AB0F6F /* Sources */ = {
			isa = PBXSourcesBuildPhase;
			buildActionMask = 2147483647;
			files = (
				BA29BE071ECF8FF200AB0F6F /* ConfidentialConstants.swift in Sources */,
				BA3C65F21ED10B6D006C15C4 /* WelcomeController.swift in Sources */,
				BA29BE031ECF802C00AB0F6F /* NewsModel.swift in Sources */,
				BA3C65F01ED1066A006C15C4 /* FrontPageController.swift in Sources */,
				BA29BDF31ECF7EA000AB0F6F /* ViewController.swift in Sources */,
				BA29BDF11ECF7EA000AB0F6F /* AppDelegate.swift in Sources */,
				BA29BE051ECF8FAE00AB0F6F /* NewsAPI.swift in Sources */,
			);
			runOnlyForDeploymentPostprocessing = 0;
		};
/* End PBXSourcesBuildPhase section */

/* Begin PBXVariantGroup section */
		BA29BDF41ECF7EA000AB0F6F /* Main.storyboard */ = {
			isa = PBXVariantGroup;
			children = (
				BA29BDF51ECF7EA000AB0F6F /* Base */,
			);
			name = Main.storyboard;
			sourceTree = "<group>";
		};
		BA29BDF91ECF7EA000AB0F6F /* LaunchScreen.storyboard */ = {
			isa = PBXVariantGroup;
			children = (
				BA29BDFA1ECF7EA000AB0F6F /* Base */,
			);
			name = LaunchScreen.storyboard;
			sourceTree = "<group>";
		};
/* End PBXVariantGroup section */

/* Begin XCBuildConfiguration section */
		BA29BDFD1ECF7EA000AB0F6F /* Debug */ = {
			isa = XCBuildConfiguration;
			buildSettings = {
				ALWAYS_SEARCH_USER_PATHS = NO;
				CLANG_ANALYZER_NONNULL = YES;
				CLANG_ANALYZER_NUMBER_OBJECT_CONVERSION = YES_AGGRESSIVE;
				CLANG_CXX_LANGUAGE_STANDARD = "gnu++0x";
				CLANG_CXX_LIBRARY = "libc++";
				CLANG_ENABLE_MODULES = YES;
				CLANG_ENABLE_OBJC_ARC = YES;
				CLANG_WARN_BOOL_CONVERSION = YES;
				CLANG_WARN_CONSTANT_CONVERSION = YES;
				CLANG_WARN_DIRECT_OBJC_ISA_USAGE = YES_ERROR;
				CLANG_WARN_DOCUMENTATION_COMMENTS = YES;
				CLANG_WARN_EMPTY_BODY = YES;
				CLANG_WARN_ENUM_CONVERSION = YES;
				CLANG_WARN_INFINITE_RECURSION = YES;
				CLANG_WARN_INT_CONVERSION = YES;
				CLANG_WARN_OBJC_ROOT_CLASS = YES_ERROR;
				CLANG_WARN_SUSPICIOUS_MOVE = YES;
				CLANG_WARN_UNREACHABLE_CODE = YES;
				CLANG_WARN__DUPLICATE_METHOD_MATCH = YES;
				"CODE_SIGN_IDENTITY[sdk=iphoneos*]" = "iPhone Developer";
				COPY_PHASE_STRIP = NO;
				DEBUG_INFORMATION_FORMAT = dwarf;
				ENABLE_STRICT_OBJC_MSGSEND = YES;
				ENABLE_TESTABILITY = YES;
				GCC_C_LANGUAGE_STANDARD = gnu99;
				GCC_DYNAMIC_NO_PIC = NO;
				GCC_NO_COMMON_BLOCKS = YES;
				GCC_OPTIMIZATION_LEVEL = 0;
				GCC_PREPROCESSOR_DEFINITIONS = (
					"DEBUG=1",
					"$(inherited)",
				);
				GCC_WARN_64_TO_32_BIT_CONVERSION = YES;
				GCC_WARN_ABOUT_RETURN_TYPE = YES_ERROR;
				GCC_WARN_UNDECLARED_SELECTOR = YES;
				GCC_WARN_UNINITIALIZED_AUTOS = YES_AGGRESSIVE;
				GCC_WARN_UNUSED_FUNCTION = YES;
				GCC_WARN_UNUSED_VARIABLE = YES;
				IPHONEOS_DEPLOYMENT_TARGET = 10.3;
				MTL_ENABLE_DEBUG_INFO = YES;
				ONLY_ACTIVE_ARCH = YES;
				SDKROOT = iphoneos;
				SWIFT_ACTIVE_COMPILATION_CONDITIONS = DEBUG;
				SWIFT_OPTIMIZATION_LEVEL = "-Onone";
			};
			name = Debug;
		};
		BA29BDFE1ECF7EA000AB0F6F /* Release */ = {
			isa = XCBuildConfiguration;
			buildSettings = {
				ALWAYS_SEARCH_USER_PATHS = NO;
				CLANG_ANALYZER_NONNULL = YES;
				CLANG_ANALYZER_NUMBER_OBJECT_CONVERSION = YES_AGGRESSIVE;
				CLANG_CXX_LANGUAGE_STANDARD = "gnu++0x";
				CLANG_CXX_LIBRARY = "libc++";
				CLANG_ENABLE_MODULES = YES;
				CLANG_ENABLE_OBJC_ARC = YES;
				CLANG_WARN_BOOL_CONVERSION = YES;
				CLANG_WARN_CONSTANT_CONVERSION = YES;
				CLANG_WARN_DIRECT_OBJC_ISA_USAGE = YES_ERROR;
				CLANG_WARN_DOCUMENTATION_COMMENTS = YES;
				CLANG_WARN_EMPTY_BODY = YES;
				CLANG_WARN_ENUM_CONVERSION = YES;
				CLANG_WARN_INFINITE_RECURSION = YES;
				CLANG_WARN_INT_CONVERSION = YES;
				CLANG_WARN_OBJC_ROOT_CLASS = YES_ERROR;
				CLANG_WARN_SUSPICIOUS_MOVE = YES;
				CLANG_WARN_UNREACHABLE_CODE = YES;
				CLANG_WARN__DUPLICATE_METHOD_MATCH = YES;
				"CODE_SIGN_IDENTITY[sdk=iphoneos*]" = "iPhone Developer";
				COPY_PHASE_STRIP = NO;
				DEBUG_INFORMATION_FORMAT = "dwarf-with-dsym";
				ENABLE_NS_ASSERTIONS = NO;
				ENABLE_STRICT_OBJC_MSGSEND = YES;
				GCC_C_LANGUAGE_STANDARD = gnu99;
				GCC_NO_COMMON_BLOCKS = YES;
				GCC_WARN_64_TO_32_BIT_CONVERSION = YES;
				GCC_WARN_ABOUT_RETURN_TYPE = YES_ERROR;
				GCC_WARN_UNDECLARED_SELECTOR = YES;
				GCC_WARN_UNINITIALIZED_AUTOS = YES_AGGRESSIVE;
				GCC_WARN_UNUSED_FUNCTION = YES;
				GCC_WARN_UNUSED_VARIABLE = YES;
				IPHONEOS_DEPLOYMENT_TARGET = 10.3;
				MTL_ENABLE_DEBUG_INFO = NO;
				SDKROOT = iphoneos;
				SWIFT_OPTIMIZATION_LEVEL = "-Owholemodule";
				VALIDATE_PRODUCT = YES;
			};
			name = Release;
		};
		BA29BE001ECF7EA000AB0F6F /* Debug */ = {
			isa = XCBuildConfiguration;
			buildSettings = {
				ASSETCATALOG_COMPILER_APPICON_NAME = AppIcon;
				DEVELOPMENT_TEAM = Y8S79T498T;
				INFOPLIST_FILE = TechNews/Info.plist;
				LD_RUNPATH_SEARCH_PATHS = "$(inherited) @executable_path/Frameworks";
				PRODUCT_BUNDLE_IDENTIFIER = ZA.TechNews;
				PRODUCT_NAME = "$(TARGET_NAME)";
				SWIFT_VERSION = 3.0;
			};
			name = Debug;
		};
		BA29BE011ECF7EA000AB0F6F /* Release */ = {
			isa = XCBuildConfiguration;
			buildSettings = {
				ASSETCATALOG_COMPILER_APPICON_NAME = AppIcon;
				DEVELOPMENT_TEAM = Y8S79T498T;
				INFOPLIST_FILE = TechNews/Info.plist;
				LD_RUNPATH_SEARCH_PATHS = "$(inherited) @executable_path/Frameworks";
				PRODUCT_BUNDLE_IDENTIFIER = ZA.TechNews;
				PRODUCT_NAME = "$(TARGET_NAME)";
				SWIFT_VERSION = 3.0;
			};
			name = Release;
		};
/* End XCBuildConfiguration section */

/* Begin XCConfigurationList section */
		BA29BDE81ECF7EA000AB0F6F /* Build configuration list for PBXProject "TechNews" */ = {
			isa = XCConfigurationList;
			buildConfigurations = (
				BA29BDFD1ECF7EA000AB0F6F /* Debug */,
				BA29BDFE1ECF7EA000AB0F6F /* Release */,
			);
			defaultConfigurationIsVisible = 0;
			defaultConfigurationName = Release;
		};
		BA29BDFF1ECF7EA000AB0F6F /* Build configuration list for PBXNativeTarget "TechNews" */ = {
			isa = XCConfigurationList;
			buildConfigurations = (
				BA29BE001ECF7EA000AB0F6F /* Debug */,
				BA29BE011ECF7EA000AB0F6F /* Release */,
			);
			defaultConfigurationIsVisible = 0;
			defaultConfigurationName = Release;
		};
/* End XCConfigurationList section */
	};
	rootObject = BA29BDE51ECF7EA000AB0F6F /* Project object */;
}
